
Microsoft Visual Studio Solution File, Format Version 12.00
# Visual Studio Version 17
VisualStudioVersion = 17.2.32602.215
MinimumVisualStudioVersion = 10.0.40219.1
Project("{9A19103F-16F7-4668-BE54-9A1E7A4F7556}") = "StocksPage.Server", "StocksPage\Server\StocksPage.Server.csproj", "{B5C5A03C-B3B6-40FB-865F-2E553E8BDED8}"
EndProject
Project("{9A19103F-16F7-4668-BE54-9A1E7A4F7556}") = "StocksPage.Client", "StocksPage\Client\StocksPage.Client.csproj", "{C7BF4E70-DDBF-44C2-A146-707E0F31C41A}"
EndProject
Project("{9A19103F-16F7-4668-BE54-9A1E7A4F7556}") = "StocksPage.Shared", "StocksPage\Shared\StocksPage.Shared.csproj", "{D6550D22-2DCA-477D-B9B4-593B9FB0D2A8}"
EndProject
Global
	GlobalSection(SolutionConfigurationPlatforms) = preSolution
		Debug|Any CPU = Debug|Any CPU
		Release|Any CPU = Release|Any CPU
	EndGlobalSection
	GlobalSection(ProjectConfigurationPlatforms) = postSolution
		{B5C5A03C-B3B6-40FB-865F-2E553E8BDED8}.Debug|Any CPU.ActiveCfg = Debug|Any CPU
		{B5C5A03C-B3B6-40FB-865F-2E553E8BDED8}.Debug|Any CPU.Build.0 = Debug|Any CPU
		{B5C5A03C-B3B6-40FB-865F-2E553E8BDED8}.Release|Any CPU.ActiveCfg = Release|Any CPU
		{B5C5A03C-B3B6-40FB-865F-2E553E8BDED8}.Release|Any CPU.Build.0 = Release|Any CPU
		{C7BF4E70-DDBF-44C2-A146-707E0F31C41A}.Debug|Any CPU.ActiveCfg = Debug|Any CPU
		{C7BF4E70-DDBF-44C2-A146-707E0F31C41A}.Debug|Any CPU.Build.0 = Debug|Any CPU
		{C7BF4E70-DDBF-44C2-A146-707E0F31C41A}.Release|Any CPU.ActiveCfg = Release|Any CPU
		{C7BF4E70-DDBF-44C2-A146-707E0F31C41A}.Release|Any CPU.Build.0 = Release|Any CPU
		{D6550D22-2DCA-477D-B9B4-593B9FB0D2A8}.Debug|Any CPU.ActiveCfg = Debug|Any CPU
		{D6550D22-2DCA-477D-B9B4-593B9FB0D2A8}.Debug|Any CPU.Build.0 = Debug|Any CPU
		{D6550D22-2DCA-477D-B9B4-593B9FB0D2A8}.Release|Any CPU.ActiveCfg = Release|Any CPU
		{D6550D22-2DCA-477D-B9B4-593B9FB0D2A8}.Release|Any CPU.Build.0 = Release|Any CPU
	EndGlobalSection
	GlobalSection(SolutionProperties) = preSolution
		HideSolutionNode = FALSE
	EndGlobalSection
	GlobalSection(ExtensibilityGlobals) = postSolution
		SolutionGuid = {A8B14230-6BC9-4FF5-8347-851D3389544C}
	EndGlobalSection
EndGlobal
